
Microsoft Visual Studio Solution File, Format Version 12.00
# Visual Studio Version 17
VisualStudioVersion = 17.7.34031.279
MinimumVisualStudioVersion = 10.0.40219.1
Project("{FAE04EC0-301F-11D3-BF4B-00C04F79EFBC}") = "Business", "Business\Business.csproj", "{CFFBB1AA-C31F-4D23-AD57-22143F8BB59C}"
EndProject
Project("{FAE04EC0-301F-11D3-BF4B-00C04F79EFBC}") = "ConsoleUI", "ConsoleUI\ConsoleUI.csproj", "{EE0D931C-96F2-4E44-82BF-05472086354A}"
EndProject
Project("{FAE04EC0-301F-11D3-BF4B-00C04F79EFBC}") = "Core", "Core\Core.csproj", "{5DBCECD7-D83A-41E9-80D6-D0A5EFE3F29A}"
EndProject
Project("{FAE04EC0-301F-11D3-BF4B-00C04F79EFBC}") = "DataAccess", "DataAccess\DataAccess.csproj", "{606601BD-7768-48E9-B28B-FCDA4BF60950}"
EndProject
Project("{FAE04EC0-301F-11D3-BF4B-00C04F79EFBC}") = "Entities", "Entities\Entities.csproj", "{CA88B244-5335-453C-8ED7-758E49BA0514}"
EndProject
Global
	GlobalSection(SolutionConfigurationPlatforms) = preSolution
		Debug|Any CPU = Debug|Any CPU
		Release|Any CPU = Release|Any CPU
	EndGlobalSection
	GlobalSection(ProjectConfigurationPlatforms) = postSolution
		{CFFBB1AA-C31F-4D23-AD57-22143F8BB59C}.Debug|Any CPU.ActiveCfg = Debug|Any CPU
		{CFFBB1AA-C31F-4D23-AD57-22143F8BB59C}.Debug|Any CPU.Build.0 = Debug|Any CPU
		{CFFBB1AA-C31F-4D23-AD57-22143F8BB59C}.Release|Any CPU.ActiveCfg = Release|Any CPU
		{CFFBB1AA-C31F-4D23-AD57-22143F8BB59C}.Release|Any CPU.Build.0 = Release|Any CPU
		{EE0D931C-96F2-4E44-82BF-05472086354A}.Debug|Any CPU.ActiveCfg = Debug|Any CPU
		{EE0D931C-96F2-4E44-82BF-05472086354A}.Debug|Any CPU.Build.0 = Debug|Any CPU
		{EE0D931C-96F2-4E44-82BF-05472086354A}.Release|Any CPU.ActiveCfg = Release|Any CPU
		{EE0D931C-96F2-4E44-82BF-05472086354A}.Release|Any CPU.Build.0 = Release|Any CPU
		{5DBCECD7-D83A-41E9-80D6-D0A5EFE3F29A}.Debug|Any CPU.ActiveCfg = Debug|Any CPU
		{5DBCECD7-D83A-41E9-80D6-D0A5EFE3F29A}.Debug|Any CPU.Build.0 = Debug|Any CPU
		{5DBCECD7-D83A-41E9-80D6-D0A5EFE3F29A}.Release|Any CPU.ActiveCfg = Release|Any CPU
		{5DBCECD7-D83A-41E9-80D6-D0A5EFE3F29A}.Release|Any CPU.Build.0 = Release|Any CPU
		{606601BD-7768-48E9-B28B-FCDA4BF60950}.Debug|Any CPU.ActiveCfg = Debug|Any CPU
		{606601BD-7768-48E9-B28B-FCDA4BF60950}.Debug|Any CPU.Build.0 = Debug|Any CPU
		{606601BD-7768-48E9-B28B-FCDA4BF60950}.Release|Any CPU.ActiveCfg = Release|Any CPU
		{606601BD-7768-48E9-B28B-FCDA4BF60950}.Release|Any CPU.Build.0 = Release|Any CPU
		{CA88B244-5335-453C-8ED7-758E49BA0514}.Debug|Any CPU.ActiveCfg = Debug|Any CPU
		{CA88B244-5335-453C-8ED7-758E49BA0514}.Debug|Any CPU.Build.0 = Debug|Any CPU
		{CA88B244-5335-453C-8ED7-758E49BA0514}.Release|Any CPU.ActiveCfg = Release|Any CPU
		{CA88B244-5335-453C-8ED7-758E49BA0514}.Release|Any CPU.Build.0 = Release|Any CPU
	EndGlobalSection
	GlobalSection(SolutionProperties) = preSolution
		HideSolutionNode = FALSE
	EndGlobalSection
	GlobalSection(ExtensibilityGlobals) = postSolution
		SolutionGuid = {326A2D7D-33C9-4041-8F04-C40F00A66259}
	EndGlobalSection
EndGlobal
